dependencies:
- name: postgresql
  repository: https://charts.bitnami.com/bitnami
  version: 12.5.9
- name: redis
  repository: https://charts.bitnami.com/bitnami
  version: 17.11.8
digest: sha256:4f4799b9892ae09eb1476a1fcc48d4df3fb6d6abe9867ecb853d45b5ac688142
generated: "2024-12-24T10:50:20.35621251+02:00"
